
Microsoft Visual Studio Solution File, Format Version 12.00
# Visual Studio Version 17
VisualStudioVersion = 17.8.34316.72
MinimumVisualStudioVersion = 10.0.40219.1
Project("{FAE04EC0-301F-11D3-BF4B-00C04F79EFBC}") = "Pihole_Tray", "Pihole_Tray\Pihole_Tray.csproj", "{7C22AF71-C736-4590-8EBB-9153EEA7F881}"
EndProject
Global
	GlobalSection(SolutionConfigurationPlatforms) = preSolution
		Debug|Any CPU = Debug|Any CPU
		Release|Any CPU = Release|Any CPU
	EndGlobalSection
	GlobalSection(ProjectConfigurationPlatforms) = postSolution
		{7C22AF71-C736-4590-8EBB-9153EEA7F881}.Debug|Any CPU.ActiveCfg = Debug|Any CPU
		{7C22AF71-C736-4590-8EBB-9153EEA7F881}.Debug|Any CPU.Build.0 = Debug|Any CPU
		{7C22AF71-C736-4590-8EBB-9153EEA7F881}.Release|Any CPU.ActiveCfg = Release|Any CPU
		{7C22AF71-C736-4590-8EBB-9153EEA7F881}.Release|Any CPU.Build.0 = Release|Any CPU
	EndGlobalSection
	GlobalSection(SolutionProperties) = preSolution
		HideSolutionNode = FALSE
	EndGlobalSection
	GlobalSection(ExtensibilityGlobals) = postSolution
		SolutionGuid = {979A467E-02D4-4888-8F77-A5D121DC7796}
	EndGlobalSection
EndGlobal
